PODS:
  - Flutter (1.0.0)
  - record_darwin (1.0.0):
    - Flutter
  - sherpa_onnx_ios (1.13.4):
    - Flutter

DEPENDENCIES:
  - Flutter (from `Flutter`)
  - record_darwin (from `.symlinks/plugins/record_darwin/ios`)
  - sherpa_onnx_ios (from `.symlinks/plugins/sherpa_onnx_ios/ios`)

EXTERNAL SOURCES:
  Flutter:
    :path: Flutter
  record_darwin:
    :path: ".symlinks/plugins/record_darwin/ios"
  sherpa_onnx_ios:
    :path: ".symlinks/plugins/sherpa_onnx_ios/ios"

SPEC CHECKSUMS:
  Flutter: cabc95a1d2626b1b06e7179b784ebcf0c0cde467
  record_darwin: fb1f375f1d9603714f55b8708a903bbb91ffdb0a
  sherpa_onnx_ios: 32af18abd5c776d5f425d2abe0903471d26db221

PODFILE CHECKSUM: e30f02f9d1c72c47bb6344a0a748c9d268180865

COCOAPODS: 1.16.2
